
Microsoft Visual Studio Solution File, Format Version 11.00
# Visual Studio 2010
Project("{FAE04EC0-301F-11D3-BF4B-00C04F79EFBC}") = "PandemicNEW", "Assembly-CSharp.csproj", "{96FCEA80-A027-6D36-245E-A65F29ED84A7}"
EndProject
Project("{FAE04EC0-301F-11D3-BF4B-00C04F79EFBC}") = "PandemicNEW", "Assembly-CSharp-firstpass.csproj", "{727A594F-6013-026B-B251-118141DE0E2C}"
EndProject
Project("{FAE04EC0-301F-11D3-BF4B-00C04F79EFBC}") = "PandemicNEW", "Assembly-CSharp-Editor.csproj", "{BE99F522-C8CA-110B-69DD-58ABC8D18E76}"
EndProject
Global
	GlobalSection(SolutionConfigurationPlatforms) = preSolution
		Debug|Any CPU = Debug|Any CPU
		Release|Any CPU = Release|Any CPU
	EndGlobalSection
	GlobalSection(ProjectConfigurationPlatforms) = postSolution
		{96FCEA80-A027-6D36-245E-A65F29ED84A7}.Debug|Any CPU.ActiveCfg = Debug|Any CPU
		{96FCEA80-A027-6D36-245E-A65F29ED84A7}.Debug|Any CPU.Build.0 = Debug|Any CPU
		{96FCEA80-A027-6D36-245E-A65F29ED84A7}.Release|Any CPU.ActiveCfg = Release|Any CPU
		{96FCEA80-A027-6D36-245E-A65F29ED84A7}.Release|Any CPU.Build.0 = Release|Any CPU
		{727A594F-6013-026B-B251-118141DE0E2C}.Debug|Any CPU.ActiveCfg = Debug|Any CPU
		{727A594F-6013-026B-B251-118141DE0E2C}.Debug|Any CPU.Build.0 = Debug|Any CPU
		{727A594F-6013-026B-B251-118141DE0E2C}.Release|Any CPU.ActiveCfg = Release|Any CPU
		{727A594F-6013-026B-B251-118141DE0E2C}.Release|Any CPU.Build.0 = Release|Any CPU
		{BE99F522-C8CA-110B-69DD-58ABC8D18E76}.Debug|Any CPU.ActiveCfg = Debug|Any CPU
		{BE99F522-C8CA-110B-69DD-58ABC8D18E76}.Debug|Any CPU.Build.0 = Debug|Any CPU
		{BE99F522-C8CA-110B-69DD-58ABC8D18E76}.Release|Any CPU.ActiveCfg = Release|Any CPU
		{BE99F522-C8CA-110B-69DD-58ABC8D18E76}.Release|Any CPU.Build.0 = Release|Any CPU
	EndGlobalSection
	GlobalSection(SolutionProperties) = preSolution
		HideSolutionNode = FALSE
	EndGlobalSection
	GlobalSection(MonoDevelopProperties) = preSolution
		StartupItem = Assembly-CSharp.csproj
	EndGlobalSection
EndGlobal
